
Microsoft Visual Studio Solution File, Format Version 12.00
# Visual Studio Version 16
VisualStudioVersion = 16.0.31205.134
MinimumVisualStudioVersion = 10.0.40219.1
Project("{FAE04EC0-301F-11D3-BF4B-00C04F79EFBC}") = "TP -4", "TP -4\TP -4.csproj", "{6CB68858-C75A-4BDD-A134-4C992C740F5A}"
EndProject
Global
	GlobalSection(SolutionConfigurationPlatforms) = preSolution
		Debug|Any CPU = Debug|Any CPU
		Release|Any CPU = Release|Any CPU
	EndGlobalSection
	GlobalSection(ProjectConfigurationPlatforms) = postSolution
		{6CB68858-C75A-4BDD-A134-4C992C740F5A}.Debug|Any CPU.ActiveCfg = Debug|Any CPU
		{6CB68858-C75A-4BDD-A134-4C992C740F5A}.Debug|Any CPU.Build.0 = Debug|Any CPU
		{6CB68858-C75A-4BDD-A134-4C992C740F5A}.Release|Any CPU.ActiveCfg = Release|Any CPU
		{6CB68858-C75A-4BDD-A134-4C992C740F5A}.Release|Any CPU.Build.0 = Release|Any CPU
	EndGlobalSection
	GlobalSection(SolutionProperties) = preSolution
		HideSolutionNode = FALSE
	EndGlobalSection
	GlobalSection(ExtensibilityGlobals) = postSolution
		SolutionGuid = {119F5DB9-A8E4-4D39-8F71-D6B9F5E4C413}
	EndGlobalSection
EndGlobal
