
Microsoft Visual Studio Solution File, Format Version 12.00
# Visual Studio Version 16
VisualStudioVersion = 16.0.31112.23
MinimumVisualStudioVersion = 10.0.40219.1
Project("{FAE04EC0-301F-11D3-BF4B-00C04F79EFBC}") = "TP -2", "TP -2\TP -2.csproj", "{512E3232-4875-4602-93F9-281CA8A69941}"
EndProject
Global
	GlobalSection(SolutionConfigurationPlatforms) = preSolution
		Debug|Any CPU = Debug|Any CPU
		Release|Any CPU = Release|Any CPU
	EndGlobalSection
	GlobalSection(ProjectConfigurationPlatforms) = postSolution
		{512E3232-4875-4602-93F9-281CA8A69941}.Debug|Any CPU.ActiveCfg = Debug|Any CPU
		{512E3232-4875-4602-93F9-281CA8A69941}.Debug|Any CPU.Build.0 = Debug|Any CPU
		{512E3232-4875-4602-93F9-281CA8A69941}.Release|Any CPU.ActiveCfg = Release|Any CPU
		{512E3232-4875-4602-93F9-281CA8A69941}.Release|Any CPU.Build.0 = Release|Any CPU
	EndGlobalSection
	GlobalSection(SolutionProperties) = preSolution
		HideSolutionNode = FALSE
	EndGlobalSection
	GlobalSection(ExtensibilityGlobals) = postSolution
		SolutionGuid = {73C73364-4F42-4CFB-B656-BC2D42DCF9B1}
	EndGlobalSection
EndGlobal
